
Microsoft Visual Studio Solution File, Format Version 12.00
# Visual Studio Version 17
VisualStudioVersion = 17.1.32414.318
MinimumVisualStudioVersion = 10.0.40219.1
Project("{9A19103F-16F7-4668-BE54-9A1E7A4F7556}") = "Axity.Users.Api", "Axity.Users.Api\Axity.Users.Api.csproj", "{33B98376-C62E-40A1-AB69-DCB46A94E4F0}"
EndProject
Project("{9A19103F-16F7-4668-BE54-9A1E7A4F7556}") = "Axity.Users.Services", "Axity.Users.Services\Axity.Users.Services.csproj", "{AFA03A3E-B856-4438-A539-F8921912C857}"
EndProject
Project("{9A19103F-16F7-4668-BE54-9A1E7A4F7556}") = "Axity.Users.Facade", "Axity.Users.Facade\Axity.Users.Facade.csproj", "{12D38078-3C04-49B9-AC47-FE57665303D0}"
EndProject
Project("{9A19103F-16F7-4668-BE54-9A1E7A4F7556}") = "Axity.Users.Common", "Axity.Users.Common\Axity.Users.Common.csproj", "{BD1EE043-D8A5-4167-9938-F3CF2A275C40}"
EndProject
Project("{9A19103F-16F7-4668-BE54-9A1E7A4F7556}") = "Axity.Users.Persistence", "Axity.Users.Persistence\Axity.Users.Persistence.csproj", "{20B51FE3-B544-45A6-AA98-6E7081968806}"
EndProject
Project("{9A19103F-16F7-4668-BE54-9A1E7A4F7556}") = "Axity.Users.Test", "Axity.Users.Test\Axity.Users.Test.csproj", "{74DA3280-9DB9-48D9-9114-ADCFBCFE74F2}"
EndProject
Project("{9A19103F-16F7-4668-BE54-9A1E7A4F7556}") = "Axity.Users.Model", "Axity.Users.Model\Axity.Users.Model.csproj", "{65EF2197-6E25-421A-BFBD-C318A5F1503B}"
EndProject
Project("{2150E333-8FDC-42A3-9474-1A3956D46DE8}") = "StyleCop", "StyleCop", "{D238BBCF-FDDD-4777-A109-89B46ACF6E39}"
	ProjectSection(SolutionItems) = preProject
		StyleCop\stylecop.json = StyleCop\stylecop.json
		StyleCop\StyleCopeRules.ruleset = StyleCop\StyleCopeRules.ruleset
	EndProjectSection
EndProject
Global
	GlobalSection(SolutionConfigurationPlatforms) = preSolution
		Debug|Any CPU = Debug|Any CPU
		Release|Any CPU = Release|Any CPU
	EndGlobalSection
	GlobalSection(ProjectConfigurationPlatforms) = postSolution
		{33B98376-C62E-40A1-AB69-DCB46A94E4F0}.Debug|Any CPU.ActiveCfg = Debug|Any CPU
		{33B98376-C62E-40A1-AB69-DCB46A94E4F0}.Debug|Any CPU.Build.0 = Debug|Any CPU
		{33B98376-C62E-40A1-AB69-DCB46A94E4F0}.Release|Any CPU.ActiveCfg = Release|Any CPU
		{33B98376-C62E-40A1-AB69-DCB46A94E4F0}.Release|Any CPU.Build.0 = Release|Any CPU
		{AFA03A3E-B856-4438-A539-F8921912C857}.Debug|Any CPU.ActiveCfg = Debug|Any CPU
		{AFA03A3E-B856-4438-A539-F8921912C857}.Debug|Any CPU.Build.0 = Debug|Any CPU
		{AFA03A3E-B856-4438-A539-F8921912C857}.Release|Any CPU.ActiveCfg = Release|Any CPU
		{AFA03A3E-B856-4438-A539-F8921912C857}.Release|Any CPU.Build.0 = Release|Any CPU
		{12D38078-3C04-49B9-AC47-FE57665303D0}.Debug|Any CPU.ActiveCfg = Debug|Any CPU
		{12D38078-3C04-49B9-AC47-FE57665303D0}.Debug|Any CPU.Build.0 = Debug|Any CPU
		{12D38078-3C04-49B9-AC47-FE57665303D0}.Release|Any CPU.ActiveCfg = Release|Any CPU
		{12D38078-3C04-49B9-AC47-FE57665303D0}.Release|Any CPU.Build.0 = Release|Any CPU
		{BD1EE043-D8A5-4167-9938-F3CF2A275C40}.Debug|Any CPU.ActiveCfg = Debug|Any CPU
		{BD1EE043-D8A5-4167-9938-F3CF2A275C40}.Debug|Any CPU.Build.0 = Debug|Any CPU
		{BD1EE043-D8A5-4167-9938-F3CF2A275C40}.Release|Any CPU.ActiveCfg = Release|Any CPU
		{BD1EE043-D8A5-4167-9938-F3CF2A275C40}.Release|Any CPU.Build.0 = Release|Any CPU
		{20B51FE3-B544-45A6-AA98-6E7081968806}.Debug|Any CPU.ActiveCfg = Debug|Any CPU
		{20B51FE3-B544-45A6-AA98-6E7081968806}.Debug|Any CPU.Build.0 = Debug|Any CPU
		{20B51FE3-B544-45A6-AA98-6E7081968806}.Release|Any CPU.ActiveCfg = Release|Any CPU
		{20B51FE3-B544-45A6-AA98-6E7081968806}.Release|Any CPU.Build.0 = Release|Any CPU
		{74DA3280-9DB9-48D9-9114-ADCFBCFE74F2}.Debug|Any CPU.ActiveCfg = Debug|Any CPU
		{74DA3280-9DB9-48D9-9114-ADCFBCFE74F2}.Debug|Any CPU.Build.0 = Debug|Any CPU
		{74DA3280-9DB9-48D9-9114-ADCFBCFE74F2}.Release|Any CPU.ActiveCfg = Release|Any CPU
		{74DA3280-9DB9-48D9-9114-ADCFBCFE74F2}.Release|Any CPU.Build.0 = Release|Any CPU
		{65EF2197-6E25-421A-BFBD-C318A5F1503B}.Debug|Any CPU.ActiveCfg = Debug|Any CPU
		{65EF2197-6E25-421A-BFBD-C318A5F1503B}.Debug|Any CPU.Build.0 = Debug|Any CPU
		{65EF2197-6E25-421A-BFBD-C318A5F1503B}.Release|Any CPU.ActiveCfg = Release|Any CPU
		{65EF2197-6E25-421A-BFBD-C318A5F1503B}.Release|Any CPU.Build.0 = Release|Any CPU
	EndGlobalSection
	GlobalSection(SolutionProperties) = preSolution
		HideSolutionNode = FALSE
	EndGlobalSection
	GlobalSection(ExtensibilityGlobals) = postSolution
		SolutionGuid = {B75511F7-CB85-48ED-9003-D55C90E1772D}
	EndGlobalSection
EndGlobal
